
Microsoft Visual Studio Solution File, Format Version 12.00
# Visual Studio Version 16
VisualStudioVersion = 16.0.29709.97
MinimumVisualStudioVersion = 10.0.40219.1
Project("{FAE04EC0-301F-11D3-BF4B-00C04F79EFBC}") = "WebApp", "WebApp.csproj", "{D7ABC673-FEEF-42A8-9EF3-6AF78BF68E63}"
EndProject
Global
	GlobalSection(SolutionConfigurationPlatforms) = preSolution
		Debug|Any CPU = Debug|Any CPU
		Release|Any CPU = Release|Any CPU
	EndGlobalSection
	GlobalSection(ProjectConfigurationPlatforms) = postSolution
		{D7ABC673-FEEF-42A8-9EF3-6AF78BF68E63}.Debug|Any CPU.ActiveCfg = Debug|Any CPU
		{D7ABC673-FEEF-42A8-9EF3-6AF78BF68E63}.Debug|Any CPU.Build.0 = Debug|Any CPU
		{D7ABC673-FEEF-42A8-9EF3-6AF78BF68E63}.Release|Any CPU.ActiveCfg = Release|Any CPU
		{D7ABC673-FEEF-42A8-9EF3-6AF78BF68E63}.Release|Any CPU.Build.0 = Release|Any CPU
	EndGlobalSection
	GlobalSection(SolutionProperties) = preSolution
		HideSolutionNode = FALSE
	EndGlobalSection
	GlobalSection(ExtensibilityGlobals) = postSolution
		SolutionGuid = {6571EC05-8D3A-422D-AAB6-6BD5DF7E9D44}
	EndGlobalSection
EndGlobal
